
Microsoft Visual Studio Solution File, Format Version 12.00
# Visual Studio 15
VisualStudioVersion = 15.0.28307.136
MinimumVisualStudioVersion = 10.0.40219.1
Project("{FAE04EC0-301F-11D3-BF4B-00C04F79EFBC}") = "Library reservation", "Library reservation\Library reservation.csproj", "{F03B310B-6791-41A8-89C9-AC4A1A04987B}"
EndProject
Global
	GlobalSection(SolutionConfigurationPlatforms) = preSolution
		Debug|Any CPU = Debug|Any CPU
		Release|Any CPU = Release|Any CPU
	EndGlobalSection
	GlobalSection(ProjectConfigurationPlatforms) = postSolution
		{F03B310B-6791-41A8-89C9-AC4A1A04987B}.Debug|Any CPU.ActiveCfg = Debug|Any CPU
		{F03B310B-6791-41A8-89C9-AC4A1A04987B}.Debug|Any CPU.Build.0 = Debug|Any CPU
		{F03B310B-6791-41A8-89C9-AC4A1A04987B}.Release|Any CPU.ActiveCfg = Release|Any CPU
		{F03B310B-6791-41A8-89C9-AC4A1A04987B}.Release|Any CPU.Build.0 = Release|Any CPU
	EndGlobalSection
	GlobalSection(SolutionProperties) = preSolution
		HideSolutionNode = FALSE
	EndGlobalSection
	GlobalSection(ExtensibilityGlobals) = postSolution
		SolutionGuid = {C887B2F4-2C05-4DDE-AB50-735B60234396}
	EndGlobalSection
EndGlobal
